Microsoft Visual Studio Solution File, Format Version 12.00
# Visual Studio Version 17
VisualStudioVersion = 17.5.2.0
MinimumVisualStudioVersion = 10.0.40219.1
Project("{FAE04EC0-301F-11D3-BF4B-00C04F79EFBC}") = "ScioBlazor", "ScioBlazor.csproj", "{05B1104F-6774-C069-AB0A-B6AD48894691}"
EndProject
Global
	GlobalSection(SolutionConfigurationPlatforms) = preSolution
		Debug|Any CPU = Debug|Any CPU
		Release|Any CPU = Release|Any CPU
	EndGlobalSection
	GlobalSection(ProjectConfigurationPlatforms) = postSolution
		{05B1104F-6774-C069-AB0A-B6AD48894691}.Debug|Any CPU.ActiveCfg = Debug|Any CPU
		{05B1104F-6774-C069-AB0A-B6AD48894691}.Debug|Any CPU.Build.0 = Debug|Any CPU
		{05B1104F-6774-C069-AB0A-B6AD48894691}.Release|Any CPU.ActiveCfg = Release|Any CPU
		{05B1104F-6774-C069-AB0A-B6AD48894691}.Release|Any CPU.Build.0 = Release|Any CPU
	EndGlobalSection
	GlobalSection(SolutionProperties) = preSolution
		HideSolutionNode = FALSE
	EndGlobalSection
	GlobalSection(ExtensibilityGlobals) = postSolution
		SolutionGuid = {E5E7C83B-731A-477E-905F-3F6723D11B42}
	EndGlobalSection
EndGlobal
