
Microsoft Visual Studio Solution File, Format Version 12.00
# Visual Studio Version 17
VisualStudioVersion = 17.14.36518.9 d17.14
MinimumVisualStudioVersion = 10.0.40219.1
Project("{FAE04EC0-301F-11D3-BF4B-00C04F79EFBC}") = "ScioBlazor", "ScioBlazor\ScioBlazor.csproj", "{1C6FC0EC-D241-4465-8245-2316FCB6FF1F}"
EndProject
Global
	GlobalSection(SolutionConfigurationPlatforms) = preSolution
		Debug|Any CPU = Debug|Any CPU
		Release|Any CPU = Release|Any CPU
	EndGlobalSection
	GlobalSection(ProjectConfigurationPlatforms) = postSolution
		{1C6FC0EC-D241-4465-8245-2316FCB6FF1F}.Debug|Any CPU.ActiveCfg = Debug|Any CPU
		{1C6FC0EC-D241-4465-8245-2316FCB6FF1F}.Debug|Any CPU.Build.0 = Debug|Any CPU
		{1C6FC0EC-D241-4465-8245-2316FCB6FF1F}.Release|Any CPU.ActiveCfg = Release|Any CPU
		{1C6FC0EC-D241-4465-8245-2316FCB6FF1F}.Release|Any CPU.Build.0 = Release|Any CPU
	EndGlobalSection
	GlobalSection(SolutionProperties) = preSolution
		HideSolutionNode = FALSE
	EndGlobalSection
	GlobalSection(ExtensibilityGlobals) = postSolution
		SolutionGuid = {111E54D5-878E-4BE4-A623-04BC5E76FDE0}
	EndGlobalSection
EndGlobal
